
Microsoft Visual Studio Solution File, Format Version 12.00
# Visual Studio Version 16
VisualStudioVersion = 16.0.30804.86
MinimumVisualStudioVersion = 10.0.40219.1
Project("{FAE04EC0-301F-11D3-BF4B-00C04F79EFBC}") = "API", "API\API.csproj", "{D4868F04-0113-401C-8D91-7E05A1B99F40}"
EndProject
Project("{FAE04EC0-301F-11D3-BF4B-00C04F79EFBC}") = "Application", "Application\Application.csproj", "{3981EF6E-00A4-4DA1-82EF-898A3587E89E}"
EndProject
Project("{FAE04EC0-301F-11D3-BF4B-00C04F79EFBC}") = "Domain", "Domain\Domain.csproj", "{0AB9C242-23D4-47E7-94BB-A0A39CCD04BA}"
EndProject
Project("{FAE04EC0-301F-11D3-BF4B-00C04F79EFBC}") = "Persistence", "Persistence\Persistence.csproj", "{071ECE3B-77C4-41EC-86E2-1B68F28F232C}"
EndProject
Global
	GlobalSection(SolutionConfigurationPlatforms) = preSolution
		Debug|Any CPU = Debug|Any CPU
		Release|Any CPU = Release|Any CPU
	EndGlobalSection
	GlobalSection(ProjectConfigurationPlatforms) = postSolution
		{D4868F04-0113-401C-8D91-7E05A1B99F40}.Debug|Any CPU.ActiveCfg = Debug|Any CPU
		{D4868F04-0113-401C-8D91-7E05A1B99F40}.Debug|Any CPU.Build.0 = Debug|Any CPU
		{D4868F04-0113-401C-8D91-7E05A1B99F40}.Release|Any CPU.ActiveCfg = Release|Any CPU
		{D4868F04-0113-401C-8D91-7E05A1B99F40}.Release|Any CPU.Build.0 = Release|Any CPU
		{3981EF6E-00A4-4DA1-82EF-898A3587E89E}.Debug|Any CPU.ActiveCfg = Debug|Any CPU
		{3981EF6E-00A4-4DA1-82EF-898A3587E89E}.Debug|Any CPU.Build.0 = Debug|Any CPU
		{3981EF6E-00A4-4DA1-82EF-898A3587E89E}.Release|Any CPU.ActiveCfg = Release|Any CPU
		{3981EF6E-00A4-4DA1-82EF-898A3587E89E}.Release|Any CPU.Build.0 = Release|Any CPU
		{0AB9C242-23D4-47E7-94BB-A0A39CCD04BA}.Debug|Any CPU.ActiveCfg = Debug|Any CPU
		{0AB9C242-23D4-47E7-94BB-A0A39CCD04BA}.Debug|Any CPU.Build.0 = Debug|Any CPU
		{0AB9C242-23D4-47E7-94BB-A0A39CCD04BA}.Release|Any CPU.ActiveCfg = Release|Any CPU
		{0AB9C242-23D4-47E7-94BB-A0A39CCD04BA}.Release|Any CPU.Build.0 = Release|Any CPU
		{071ECE3B-77C4-41EC-86E2-1B68F28F232C}.Debug|Any CPU.ActiveCfg = Debug|Any CPU
		{071ECE3B-77C4-41EC-86E2-1B68F28F232C}.Debug|Any CPU.Build.0 = Debug|Any CPU
		{071ECE3B-77C4-41EC-86E2-1B68F28F232C}.Release|Any CPU.ActiveCfg = Release|Any CPU
		{071ECE3B-77C4-41EC-86E2-1B68F28F232C}.Release|Any CPU.Build.0 = Release|Any CPU
	EndGlobalSection
	GlobalSection(SolutionProperties) = preSolution
		HideSolutionNode = FALSE
	EndGlobalSection
	GlobalSection(ExtensibilityGlobals) = postSolution
		SolutionGuid = {3F57F2F8-196D-4202-9D9D-98FCD8112CB3}
	EndGlobalSection
EndGlobal
